
Microsoft Visual Studio Solution File, Format Version 12.00
# Visual Studio Version 17
VisualStudioVersion = 17.14.37328.6 d17.14
MinimumVisualStudioVersion = 10.0.40219.1
Project("{FAE04EC0-301F-11D3-BF4B-00C04F79EFBC}") = "VoSiBot", "VoSiBot\VoSiBot.csproj", "{DF0672A7-1EEB-4FF3-8465-A5EB60D3D645}"
EndProject
Global
	GlobalSection(SolutionConfigurationPlatforms) = preSolution
		Debug|Any CPU = Debug|Any CPU
		Release|Any CPU = Release|Any CPU
	EndGlobalSection
	GlobalSection(ProjectConfigurationPlatforms) = postSolution
		{DF0672A7-1EEB-4FF3-8465-A5EB60D3D645}.Debug|Any CPU.ActiveCfg = Debug|Any CPU
		{DF0672A7-1EEB-4FF3-8465-A5EB60D3D645}.Debug|Any CPU.Build.0 = Debug|Any CPU
		{DF0672A7-1EEB-4FF3-8465-A5EB60D3D645}.Release|Any CPU.ActiveCfg = Release|Any CPU
		{DF0672A7-1EEB-4FF3-8465-A5EB60D3D645}.Release|Any CPU.Build.0 = Release|Any CPU
	EndGlobalSection
	GlobalSection(SolutionProperties) = preSolution
		HideSolutionNode = FALSE
	EndGlobalSection
	GlobalSection(ExtensibilityGlobals) = postSolution
		SolutionGuid = {F5511A53-96EA-4061-B57F-9D1869B8AEBF}
	EndGlobalSection
EndGlobal
